{
  "name": "challenge",
  "lockfileVersion": 3,
  "requires": true,
  "packages": {
    "": {
      "dependencies": {
        "ruby": "^0.6.1"
      }
    },
    "node_modules/lodash": {
      "version": "4.17.23",
      "resolved": "https://registry.npmjs.org/lodash/-/lodash-4.17.23.tgz",
      "integrity": "sha512-LgVTMpQtIopCi79SJeDiP0TfWi5CNEc/L/aRdTh3yIvmZXTnheWpKjSZhnvMl8iXbC1tFg9gdHHDMLoV7CnG+w==",
      "license": "MIT"
    },
    "node_modules/ruby": {
      "version": "0.6.1",
      "resolved": "https://registry.npmjs.org/ruby/-/ruby-0.6.1.tgz",
      "integrity": "sha512-TjMB+HyxathhcgvtQ3jkYWWjW3t9q+3VPLe0jpsm1x8tryXJ3626rO6gQ+0S12Oyac+Glp6KDuy1JBdKND+eSQ==",
      "license": "ISC",
      "dependencies": {
        "lodash": "^4.13.0"
      }
    }
  }
}
